
Microsoft Visual Studio Solution File, Format Version 12.00
# Visual Studio Version 17
VisualStudioVersion = 17.1.32210.238
MinimumVisualStudioVersion = 10.0.40219.1
Project("{9A19103F-16F7-4668-BE54-9A1E7A4F7556}") = "TimeTracker.Core", "TimeTracker.Core\TimeTracker.Core.csproj", "{B933FECA-2D80-457C-AF61-0E3536D29138}"
EndProject
Project("{9A19103F-16F7-4668-BE54-9A1E7A4F7556}") = "TimeTracker.Application", "TimeTracker.Application\TimeTracker.Application.csproj", "{8405873B-45A4-46B4-BBB8-6994E0778C32}"
EndProject
Project("{9A19103F-16F7-4668-BE54-9A1E7A4F7556}") = "TimeTracker.Infrastructure", "TimeTracker.Infrastructure\TimeTracker.Infrastructure.csproj", "{24E94DF5-308D-4CB8-BCF7-9B505EA3CCEA}"
EndProject
Project("{9A19103F-16F7-4668-BE54-9A1E7A4F7556}") = "TimeTracker.API", "TimeTracker.API\TimeTracker.API.csproj", "{DECBAC65-BEB9-44CC-BFD3-1B5CAEC62766}"
EndProject
Project("{FAE04EC0-301F-11D3-BF4B-00C04F79EFBC}") = "TimeTracker.Tests", "TimeTracker.Tests\TimeTracker.Tests.csproj", "{DC410551-379C-44E1-B295-CCFECB61F9C6}"
EndProject
Global
	GlobalSection(SolutionConfigurationPlatforms) = preSolution
		Debug|Any CPU = Debug|Any CPU
		Release|Any CPU = Release|Any CPU
	EndGlobalSection
	GlobalSection(ProjectConfigurationPlatforms) = postSolution
		{B933FECA-2D80-457C-AF61-0E3536D29138}.Debug|Any CPU.ActiveCfg = Debug|Any CPU
		{B933FECA-2D80-457C-AF61-0E3536D29138}.Debug|Any CPU.Build.0 = Debug|Any CPU
		{B933FECA-2D80-457C-AF61-0E3536D29138}.Release|Any CPU.ActiveCfg = Release|Any CPU
		{B933FECA-2D80-457C-AF61-0E3536D29138}.Release|Any CPU.Build.0 = Release|Any CPU
		{8405873B-45A4-46B4-BBB8-6994E0778C32}.Debug|Any CPU.ActiveCfg = Debug|Any CPU
		{8405873B-45A4-46B4-BBB8-6994E0778C32}.Debug|Any CPU.Build.0 = Debug|Any CPU
		{8405873B-45A4-46B4-BBB8-6994E0778C32}.Release|Any CPU.ActiveCfg = Release|Any CPU
		{8405873B-45A4-46B4-BBB8-6994E0778C32}.Release|Any CPU.Build.0 = Release|Any CPU
		{24E94DF5-308D-4CB8-BCF7-9B505EA3CCEA}.Debug|Any CPU.ActiveCfg = Debug|Any CPU
		{24E94DF5-308D-4CB8-BCF7-9B505EA3CCEA}.Debug|Any CPU.Build.0 = Debug|Any CPU
		{24E94DF5-308D-4CB8-BCF7-9B505EA3CCEA}.Release|Any CPU.ActiveCfg = Release|Any CPU
		{24E94DF5-308D-4CB8-BCF7-9B505EA3CCEA}.Release|Any CPU.Build.0 = Release|Any CPU
		{DECBAC65-BEB9-44CC-BFD3-1B5CAEC62766}.Debug|Any CPU.ActiveCfg = Debug|Any CPU
		{DECBAC65-BEB9-44CC-BFD3-1B5CAEC62766}.Debug|Any CPU.Build.0 = Debug|Any CPU
		{DECBAC65-BEB9-44CC-BFD3-1B5CAEC62766}.Release|Any CPU.ActiveCfg = Release|Any CPU
		{DECBAC65-BEB9-44CC-BFD3-1B5CAEC62766}.Release|Any CPU.Build.0 = Release|Any CPU
		{DC410551-379C-44E1-B295-CCFECB61F9C6}.Debug|Any CPU.ActiveCfg = Debug|Any CPU
		{DC410551-379C-44E1-B295-CCFECB61F9C6}.Debug|Any CPU.Build.0 = Debug|Any CPU
		{DC410551-379C-44E1-B295-CCFECB61F9C6}.Release|Any CPU.ActiveCfg = Release|Any CPU
		{DC410551-379C-44E1-B295-CCFECB61F9C6}.Release|Any CPU.Build.0 = Release|Any CPU
	EndGlobalSection
	GlobalSection(SolutionProperties) = preSolution
		HideSolutionNode = FALSE
	EndGlobalSection
	GlobalSection(ExtensibilityGlobals) = postSolution
		SolutionGuid = {8F2135B0-2CF1-49D3-AF44-7B11CC0DCD45}
	EndGlobalSection
EndGlobal
